
Microsoft Visual Studio Solution File, Format Version 12.00
# Visual Studio Version 17
VisualStudioVersion = 17.13.35931.197 d17.13
MinimumVisualStudioVersion = 10.0.40219.1
Project("{FAE04EC0-301F-11D3-BF4B-00C04F79EFBC}") = "EventExplorer", "EventExplorer\EventExplorer.csproj", "{6AB54D60-0884-4F7A-9807-A62379B23361}"
EndProject
Global
	GlobalSection(SolutionConfigurationPlatforms) = preSolution
		Debug|Any CPU = Debug|Any CPU
		Release|Any CPU = Release|Any CPU
	EndGlobalSection
	GlobalSection(ProjectConfigurationPlatforms) = postSolution
		{6AB54D60-0884-4F7A-9807-A62379B23361}.Debug|Any CPU.ActiveCfg = Debug|Any CPU
		{6AB54D60-0884-4F7A-9807-A62379B23361}.Debug|Any CPU.Build.0 = Debug|Any CPU
		{6AB54D60-0884-4F7A-9807-A62379B23361}.Release|Any CPU.ActiveCfg = Release|Any CPU
		{6AB54D60-0884-4F7A-9807-A62379B23361}.Release|Any CPU.Build.0 = Release|Any CPU
	EndGlobalSection
	GlobalSection(SolutionProperties) = preSolution
		HideSolutionNode = FALSE
	EndGlobalSection
	GlobalSection(ExtensibilityGlobals) = postSolution
		SolutionGuid = {6084D347-C83F-473A-9DC8-756FDA9F2D92}
	EndGlobalSection
EndGlobal
